Microsoft Visual Studio Solution File, Format Version 12.00
# Visual Studio Version 17
VisualStudioVersion = 17.6.33829.357
MinimumVisualStudioVersion = 10.0.40219.1
Project("{9A19103F-16F7-4668-BE54-9A1E7A4F7556}") = "ApiReservasMailGYG", "ApiReservasMailGYG\ApiReservasMailGYG.csproj", "{90B9B5D3-05CC-4429-9615-970D09BBBE5F}"
EndProject
Project("{9A19103F-16F7-4668-BE54-9A1E7A4F7556}") = "ReservasGYG", "ReservasGYG\ReservasGYG.csproj", "{0A6BA240-5FDE-405F-9DE8-1652981B9F6C}"
EndProject
Project("{2150E333-8FDC-42A3-9474-1A3956D46DE8}") = "DLLs", "DLLs", "{5D6D2572-8368-4517-9BDD-F35899409051}"
EndProject
Project("{778DAE3C-4631-46EA-AA77-85C1314464D9}") = "KNDatos", "..\..\MKNReservas\KNDLLs\KNDatos\KNDatos.vbproj", "{C0A0E542-5712-4C99-80A6-D8B5956E0733}"
EndProject
Project("{778DAE3C-4631-46EA-AA77-85C1314464D9}") = "MKNUtilidades", "..\..\MKNReservas\KNDLLs\KNUtilidades\MKNUtilidades.vbproj", "{A84029BC-1903-4D1E-ABEE-7D5684346DA8}"
EndProject
Global
	GlobalSection(SolutionConfigurationPlatforms) = preSolution
		Debug|Any CPU = Debug|Any CPU
		Release|Any CPU = Release|Any CPU
	EndGlobalSection
	GlobalSection(ProjectConfigurationPlatforms) = postSolution
		{90B9B5D3-05CC-4429-9615-970D09BBBE5F}.Debug|Any CPU.ActiveCfg = Debug|Any CPU
		{90B9B5D3-05CC-4429-9615-970D09BBBE5F}.Debug|Any CPU.Build.0 = Debug|Any CPU
		{90B9B5D3-05CC-4429-9615-970D09BBBE5F}.Release|Any CPU.ActiveCfg = Release|Any CPU
		{90B9B5D3-05CC-4429-9615-970D09BBBE5F}.Release|Any CPU.Build.0 = Release|Any CPU
		{0A6BA240-5FDE-405F-9DE8-1652981B9F6C}.Debug|Any CPU.ActiveCfg = Debug|Any CPU
		{0A6BA240-5FDE-405F-9DE8-1652981B9F6C}.Debug|Any CPU.Build.0 = Debug|Any CPU
		{0A6BA240-5FDE-405F-9DE8-1652981B9F6C}.Release|Any CPU.ActiveCfg = Release|Any CPU
		{0A6BA240-5FDE-405F-9DE8-1652981B9F6C}.Release|Any CPU.Build.0 = Release|Any CPU
		{C0A0E542-5712-4C99-80A6-D8B5956E0733}.Debug|Any CPU.ActiveCfg = Debug|Any CPU
		{C0A0E542-5712-4C99-80A6-D8B5956E0733}.Debug|Any CPU.Build.0 = Debug|Any CPU
		{C0A0E542-5712-4C99-80A6-D8B5956E0733}.Release|Any CPU.ActiveCfg = Release|Any CPU
		{C0A0E542-5712-4C99-80A6-D8B5956E0733}.Release|Any CPU.Build.0 = Release|Any CPU
		{A84029BC-1903-4D1E-ABEE-7D5684346DA8}.Debug|Any CPU.ActiveCfg = Debug|Any CPU
		{A84029BC-1903-4D1E-ABEE-7D5684346DA8}.Debug|Any CPU.Build.0 = Debug|Any CPU
		{A84029BC-1903-4D1E-ABEE-7D5684346DA8}.Release|Any CPU.ActiveCfg = Release|Any CPU
		{A84029BC-1903-4D1E-ABEE-7D5684346DA8}.Release|Any CPU.Build.0 = Release|Any CPU
	EndGlobalSection
	GlobalSection(SolutionProperties) = preSolution
		HideSolutionNode = FALSE
	EndGlobalSection
	GlobalSection(NestedProjects) = preSolution
		{C0A0E542-5712-4C99-80A6-D8B5956E0733} = {5D6D2572-8368-4517-9BDD-F35899409051}
		{A84029BC-1903-4D1E-ABEE-7D5684346DA8} = {5D6D2572-8368-4517-9BDD-F35899409051}
	EndGlobalSection
	GlobalSection(ExtensibilityGlobals) = postSolution
		SolutionGuid = {780930A6-9C3C-4129-809E-3714AD2DE37A}
		        SolutionGuid = {55CA764C-5E8A-43A5-9A24-215304A9B227}
	EndGlobalSection
EndGlobal
