Microsoft Visual Studio Solution File, Format Version 12.00
# Visual Studio Version 17
VisualStudioVersion = 17.6.33829.357
MinimumVisualStudioVersion = 10.0.40219.1
Project("{9A19103F-16F7-4668-BE54-9A1E7A4F7556}") = "ReservasGYG", "ReservasGYG\ReservasGYG.csproj", "{0A6BA240-5FDE-405F-9DE8-1652981B9F6C}"
EndProject
Project("{2150E333-8FDC-42A3-9474-1A3956D46DE8}") = "DLLs", "DLLs", "{5D6D2572-8368-4517-9BDD-F35899409051}"
EndProject
Project("{FAE04EC0-301F-11D3-BF4B-00C04F79EFBC}") = "ReservasGYG_Movil.UWP", "ReservasGYG_Movil\ReservasGYG_Movil.UWP\ReservasGYG_Movil.UWP.csproj", "{76EF1FE1-08B3-470A-99D3-F170FEA04173}"
EndProject
Project("{FAE04EC0-301F-11D3-BF4B-00C04F79EFBC}") = "ReservasGYG_Movil.Android", "ReservasGYG_Movil\ReservasGYG_Movil.Android\ReservasGYG_Movil.Android.csproj", "{544CE92B-C6DD-4BD9-848A-884CFC443AA1}"
EndProject
Project("{FAE04EC0-301F-11D3-BF4B-00C04F79EFBC}") = "ReservasGYG_Movil.iOS", "ReservasGYG_Movil\ReservasGYG_Movil.iOS\ReservasGYG_Movil.iOS.csproj", "{7F713BA3-13A0-46B5-B018-BC7C67A6F74B}"
EndProject
Project("{9A19103F-16F7-4668-BE54-9A1E7A4F7556}") = "ReservasGYG_Movil", "ReservasGYG_Movil\ReservasGYG_Movil\ReservasGYG_Movil.csproj", "{6F89F06C-2D48-4926-8D3B-FFADE4CBEBE1}"
EndProject
Project("{2150E333-8FDC-42A3-9474-1A3956D46DE8}") = "Xamarin", "Xamarin", "{5787E3BA-CF77-4B1A-9A95-E4FA19C3A5BC}"
EndProject
Project("{2150E333-8FDC-42A3-9474-1A3956D46DE8}") = "Movil", "Movil", "{6EEDB6F4-6013-40FF-ABE5-42BD61DC16B1}"
EndProject
Project("{9A19103F-16F7-4668-BE54-9A1E7A4F7556}") = "ApiReservasGYG", "ApiReservasGYG\ApiReservasGYG.csproj", "{CE187A2B-F505-437D-9C98-E2BA6644726D}"
EndProject
Project("{778DAE3C-4631-46EA-AA77-85C1314464D9}") = "KNDatos-Xamarin", "..\..\MKNReservas\KNDLLs\Xamarin\KNDatos\KNDatos-Xamarin.vbproj", "{C12C5E93-4C66-4F68-9BFD-44871A2C1579}"
EndProject
Project("{778DAE3C-4631-46EA-AA77-85C1314464D9}") = "MKNUtilidades-Xamarin", "..\..\MKNReservas\KNDLLs\Xamarin\KNUtilidades\MKNUtilidades-Xamarin.vbproj", "{F6E29084-346D-41B5-9DC1-08A2BBC41F79}"
EndProject
Global
	GlobalSection(SolutionConfigurationPlatforms) = preSolution
		Debug|Any CPU = Debug|Any CPU
		Debug|ARM = Debug|ARM
		Debug|iPhone = Debug|iPhone
		Debug|iPhoneSimulator = Debug|iPhoneSimulator
		Debug|x64 = Debug|x64
		Debug|x86 = Debug|x86
		Release|Any CPU = Release|Any CPU
		Release|ARM = Release|ARM
		Release|iPhone = Release|iPhone
		Release|iPhoneSimulator = Release|iPhoneSimulator
		Release|x64 = Release|x64
		Release|x86 = Release|x86
	EndGlobalSection
	GlobalSection(ProjectConfigurationPlatforms) = postSolution
		{0A6BA240-5FDE-405F-9DE8-1652981B9F6C}.Debug|Any CPU.ActiveCfg = Debug|Any CPU
		{0A6BA240-5FDE-405F-9DE8-1652981B9F6C}.Debug|Any CPU.Build.0 = Debug|Any CPU
		{0A6BA240-5FDE-405F-9DE8-1652981B9F6C}.Debug|ARM.ActiveCfg = Debug|Any CPU
		{0A6BA240-5FDE-405F-9DE8-1652981B9F6C}.Debug|ARM.Build.0 = Debug|Any CPU
		{0A6BA240-5FDE-405F-9DE8-1652981B9F6C}.Debug|iPhone.ActiveCfg = Debug|Any CPU
		{0A6BA240-5FDE-405F-9DE8-1652981B9F6C}.Debug|iPhone.Build.0 = Debug|Any CPU
		{0A6BA240-5FDE-405F-9DE8-1652981B9F6C}.Debug|iPhoneSimulator.ActiveCfg = Debug|Any CPU
		{0A6BA240-5FDE-405F-9DE8-1652981B9F6C}.Debug|iPhoneSimulator.Build.0 = Debug|Any CPU
		{0A6BA240-5FDE-405F-9DE8-1652981B9F6C}.Debug|x64.ActiveCfg = Debug|Any CPU
		{0A6BA240-5FDE-405F-9DE8-1652981B9F6C}.Debug|x64.Build.0 = Debug|Any CPU
		{0A6BA240-5FDE-405F-9DE8-1652981B9F6C}.Debug|x86.ActiveCfg = Debug|Any CPU
		{0A6BA240-5FDE-405F-9DE8-1652981B9F6C}.Debug|x86.Build.0 = Debug|Any CPU
		{0A6BA240-5FDE-405F-9DE8-1652981B9F6C}.Release|Any CPU.ActiveCfg = Release|Any CPU
		{0A6BA240-5FDE-405F-9DE8-1652981B9F6C}.Release|Any CPU.Build.0 = Release|Any CPU
		{0A6BA240-5FDE-405F-9DE8-1652981B9F6C}.Release|ARM.ActiveCfg = Release|Any CPU
		{0A6BA240-5FDE-405F-9DE8-1652981B9F6C}.Release|ARM.Build.0 = Release|Any CPU
		{0A6BA240-5FDE-405F-9DE8-1652981B9F6C}.Release|iPhone.ActiveCfg = Release|Any CPU
		{0A6BA240-5FDE-405F-9DE8-1652981B9F6C}.Release|iPhone.Build.0 = Release|Any CPU
		{0A6BA240-5FDE-405F-9DE8-1652981B9F6C}.Release|iPhoneSimulator.ActiveCfg = Release|Any CPU
		{0A6BA240-5FDE-405F-9DE8-1652981B9F6C}.Release|iPhoneSimulator.Build.0 = Release|Any CPU
		{0A6BA240-5FDE-405F-9DE8-1652981B9F6C}.Release|x64.ActiveCfg = Release|Any CPU
		{0A6BA240-5FDE-405F-9DE8-1652981B9F6C}.Release|x64.Build.0 = Release|Any CPU
		{0A6BA240-5FDE-405F-9DE8-1652981B9F6C}.Release|x86.ActiveCfg = Release|Any CPU
		{0A6BA240-5FDE-405F-9DE8-1652981B9F6C}.Release|x86.Build.0 = Release|Any CPU
		{76EF1FE1-08B3-470A-99D3-F170FEA04173}.Debug|Any CPU.ActiveCfg = Debug|x64
		{76EF1FE1-08B3-470A-99D3-F170FEA04173}.Debug|Any CPU.Build.0 = Debug|x64
		{76EF1FE1-08B3-470A-99D3-F170FEA04173}.Debug|Any CPU.Deploy.0 = Debug|x64
		{76EF1FE1-08B3-470A-99D3-F170FEA04173}.Debug|ARM.ActiveCfg = Debug|ARM
		{76EF1FE1-08B3-470A-99D3-F170FEA04173}.Debug|ARM.Build.0 = Debug|ARM
		{76EF1FE1-08B3-470A-99D3-F170FEA04173}.Debug|ARM.Deploy.0 = Debug|ARM
		{76EF1FE1-08B3-470A-99D3-F170FEA04173}.Debug|iPhone.ActiveCfg = Debug|x64
		{76EF1FE1-08B3-470A-99D3-F170FEA04173}.Debug|iPhone.Build.0 = Debug|x64
		{76EF1FE1-08B3-470A-99D3-F170FEA04173}.Debug|iPhone.Deploy.0 = Debug|x64
		{76EF1FE1-08B3-470A-99D3-F170FEA04173}.Debug|iPhoneSimulator.ActiveCfg = Debug|x64
		{76EF1FE1-08B3-470A-99D3-F170FEA04173}.Debug|iPhoneSimulator.Build.0 = Debug|x64
		{76EF1FE1-08B3-470A-99D3-F170FEA04173}.Debug|iPhoneSimulator.Deploy.0 = Debug|x64
		{76EF1FE1-08B3-470A-99D3-F170FEA04173}.Debug|x64.ActiveCfg = Debug|x64
		{76EF1FE1-08B3-470A-99D3-F170FEA04173}.Debug|x64.Build.0 = Debug|x64
		{76EF1FE1-08B3-470A-99D3-F170FEA04173}.Debug|x64.Deploy.0 = Debug|x64
		{76EF1FE1-08B3-470A-99D3-F170FEA04173}.Debug|x86.ActiveCfg = Debug|x86
		{76EF1FE1-08B3-470A-99D3-F170FEA04173}.Debug|x86.Build.0 = Debug|x86
		{76EF1FE1-08B3-470A-99D3-F170FEA04173}.Debug|x86.Deploy.0 = Debug|x86
		{76EF1FE1-08B3-470A-99D3-F170FEA04173}.Release|Any CPU.ActiveCfg = Release|x64
		{76EF1FE1-08B3-470A-99D3-F170FEA04173}.Release|Any CPU.Build.0 = Release|x64
		{76EF1FE1-08B3-470A-99D3-F170FEA04173}.Release|Any CPU.Deploy.0 = Release|x64
		{76EF1FE1-08B3-470A-99D3-F170FEA04173}.Release|ARM.ActiveCfg = Release|ARM
		{76EF1FE1-08B3-470A-99D3-F170FEA04173}.Release|ARM.Build.0 = Release|ARM
		{76EF1FE1-08B3-470A-99D3-F170FEA04173}.Release|ARM.Deploy.0 = Release|ARM
		{76EF1FE1-08B3-470A-99D3-F170FEA04173}.Release|iPhone.ActiveCfg = Release|x64
		{76EF1FE1-08B3-470A-99D3-F170FEA04173}.Release|iPhone.Build.0 = Release|x64
		{76EF1FE1-08B3-470A-99D3-F170FEA04173}.Release|iPhone.Deploy.0 = Release|x64
		{76EF1FE1-08B3-470A-99D3-F170FEA04173}.Release|iPhoneSimulator.ActiveCfg = Release|x64
		{76EF1FE1-08B3-470A-99D3-F170FEA04173}.Release|iPhoneSimulator.Build.0 = Release|x64
		{76EF1FE1-08B3-470A-99D3-F170FEA04173}.Release|iPhoneSimulator.Deploy.0 = Release|x64
		{76EF1FE1-08B3-470A-99D3-F170FEA04173}.Release|x64.ActiveCfg = Release|x64
		{76EF1FE1-08B3-470A-99D3-F170FEA04173}.Release|x64.Build.0 = Release|x64
		{76EF1FE1-08B3-470A-99D3-F170FEA04173}.Release|x64.Deploy.0 = Release|x64
		{76EF1FE1-08B3-470A-99D3-F170FEA04173}.Release|x86.ActiveCfg = Release|x86
		{76EF1FE1-08B3-470A-99D3-F170FEA04173}.Release|x86.Build.0 = Release|x86
		{76EF1FE1-08B3-470A-99D3-F170FEA04173}.Release|x86.Deploy.0 = Release|x86
		{544CE92B-C6DD-4BD9-848A-884CFC443AA1}.Debug|Any CPU.ActiveCfg = Debug|Any CPU
		{544CE92B-C6DD-4BD9-848A-884CFC443AA1}.Debug|Any CPU.Build.0 = Debug|Any CPU
		{544CE92B-C6DD-4BD9-848A-884CFC443AA1}.Debug|Any CPU.Deploy.0 = Debug|Any CPU
		{544CE92B-C6DD-4BD9-848A-884CFC443AA1}.Debug|ARM.ActiveCfg = Debug|Any CPU
		{544CE92B-C6DD-4BD9-848A-884CFC443AA1}.Debug|ARM.Build.0 = Debug|Any CPU
		{544CE92B-C6DD-4BD9-848A-884CFC443AA1}.Debug|ARM.Deploy.0 = Debug|Any CPU
		{544CE92B-C6DD-4BD9-848A-884CFC443AA1}.Debug|iPhone.ActiveCfg = Debug|Any CPU
		{544CE92B-C6DD-4BD9-848A-884CFC443AA1}.Debug|iPhone.Build.0 = Debug|Any CPU
		{544CE92B-C6DD-4BD9-848A-884CFC443AA1}.Debug|iPhone.Deploy.0 = Debug|Any CPU
		{544CE92B-C6DD-4BD9-848A-884CFC443AA1}.Debug|iPhoneSimulator.ActiveCfg = Debug|Any CPU
		{544CE92B-C6DD-4BD9-848A-884CFC443AA1}.Debug|iPhoneSimulator.Build.0 = Debug|Any CPU
		{544CE92B-C6DD-4BD9-848A-884CFC443AA1}.Debug|iPhoneSimulator.Deploy.0 = Debug|Any CPU
		{544CE92B-C6DD-4BD9-848A-884CFC443AA1}.Debug|x64.ActiveCfg = Debug|Any CPU
		{544CE92B-C6DD-4BD9-848A-884CFC443AA1}.Debug|x64.Build.0 = Debug|Any CPU
		{544CE92B-C6DD-4BD9-848A-884CFC443AA1}.Debug|x64.Deploy.0 = Debug|Any CPU
		{544CE92B-C6DD-4BD9-848A-884CFC443AA1}.Debug|x86.ActiveCfg = Debug|Any CPU
		{544CE92B-C6DD-4BD9-848A-884CFC443AA1}.Debug|x86.Build.0 = Debug|Any CPU
		{544CE92B-C6DD-4BD9-848A-884CFC443AA1}.Debug|x86.Deploy.0 = Debug|Any CPU
		{544CE92B-C6DD-4BD9-848A-884CFC443AA1}.Release|Any CPU.ActiveCfg = Release|Any CPU
		{544CE92B-C6DD-4BD9-848A-884CFC443AA1}.Release|Any CPU.Build.0 = Release|Any CPU
		{544CE92B-C6DD-4BD9-848A-884CFC443AA1}.Release|Any CPU.Deploy.0 = Release|Any CPU
		{544CE92B-C6DD-4BD9-848A-884CFC443AA1}.Release|ARM.ActiveCfg = Release|Any CPU
		{544CE92B-C6DD-4BD9-848A-884CFC443AA1}.Release|ARM.Build.0 = Release|Any CPU
		{544CE92B-C6DD-4BD9-848A-884CFC443AA1}.Release|ARM.Deploy.0 = Release|Any CPU
		{544CE92B-C6DD-4BD9-848A-884CFC443AA1}.Release|iPhone.ActiveCfg = Release|Any CPU
		{544CE92B-C6DD-4BD9-848A-884CFC443AA1}.Release|iPhone.Build.0 = Release|Any CPU
		{544CE92B-C6DD-4BD9-848A-884CFC443AA1}.Release|iPhone.Deploy.0 = Release|Any CPU
		{544CE92B-C6DD-4BD9-848A-884CFC443AA1}.Release|iPhoneSimulator.ActiveCfg = Release|Any CPU
		{544CE92B-C6DD-4BD9-848A-884CFC443AA1}.Release|iPhoneSimulator.Build.0 = Release|Any CPU
		{544CE92B-C6DD-4BD9-848A-884CFC443AA1}.Release|iPhoneSimulator.Deploy.0 = Release|Any CPU
		{544CE92B-C6DD-4BD9-848A-884CFC443AA1}.Release|x64.ActiveCfg = Release|Any CPU
		{544CE92B-C6DD-4BD9-848A-884CFC443AA1}.Release|x64.Build.0 = Release|Any CPU
		{544CE92B-C6DD-4BD9-848A-884CFC443AA1}.Release|x64.Deploy.0 = Release|Any CPU
		{544CE92B-C6DD-4BD9-848A-884CFC443AA1}.Release|x86.ActiveCfg = Release|Any CPU
		{544CE92B-C6DD-4BD9-848A-884CFC443AA1}.Release|x86.Build.0 = Release|Any CPU
		{544CE92B-C6DD-4BD9-848A-884CFC443AA1}.Release|x86.Deploy.0 = Release|Any CPU
		{7F713BA3-13A0-46B5-B018-BC7C67A6F74B}.Debug|Any CPU.ActiveCfg = Debug|iPhone
		{7F713BA3-13A0-46B5-B018-BC7C67A6F74B}.Debug|Any CPU.Build.0 = Debug|iPhone
		{7F713BA3-13A0-46B5-B018-BC7C67A6F74B}.Debug|ARM.ActiveCfg = Debug|iPhoneSimulator
		{7F713BA3-13A0-46B5-B018-BC7C67A6F74B}.Debug|ARM.Build.0 = Debug|iPhoneSimulator
		{7F713BA3-13A0-46B5-B018-BC7C67A6F74B}.Debug|iPhone.ActiveCfg = Debug|iPhone
		{7F713BA3-13A0-46B5-B018-BC7C67A6F74B}.Debug|iPhone.Build.0 = Debug|iPhone
		{7F713BA3-13A0-46B5-B018-BC7C67A6F74B}.Debug|iPhone.Deploy.0 = Debug|iPhone
		{7F713BA3-13A0-46B5-B018-BC7C67A6F74B}.Debug|iPhoneSimulator.ActiveCfg = Debug|iPhoneSimulator
		{7F713BA3-13A0-46B5-B018-BC7C67A6F74B}.Debug|iPhoneSimulator.Build.0 = Debug|iPhoneSimulator
		{7F713BA3-13A0-46B5-B018-BC7C67A6F74B}.Debug|x64.ActiveCfg = Debug|iPhoneSimulator
		{7F713BA3-13A0-46B5-B018-BC7C67A6F74B}.Debug|x64.Build.0 = Debug|iPhoneSimulator
		{7F713BA3-13A0-46B5-B018-BC7C67A6F74B}.Debug|x86.ActiveCfg = Debug|iPhoneSimulator
		{7F713BA3-13A0-46B5-B018-BC7C67A6F74B}.Debug|x86.Build.0 = Debug|iPhoneSimulator
		{7F713BA3-13A0-46B5-B018-BC7C67A6F74B}.Release|Any CPU.ActiveCfg = Release|iPhoneSimulator
		{7F713BA3-13A0-46B5-B018-BC7C67A6F74B}.Release|Any CPU.Build.0 = Release|iPhoneSimulator
		{7F713BA3-13A0-46B5-B018-BC7C67A6F74B}.Release|ARM.ActiveCfg = Release|iPhoneSimulator
		{7F713BA3-13A0-46B5-B018-BC7C67A6F74B}.Release|ARM.Build.0 = Release|iPhoneSimulator
		{7F713BA3-13A0-46B5-B018-BC7C67A6F74B}.Release|iPhone.ActiveCfg = Release|iPhone
		{7F713BA3-13A0-46B5-B018-BC7C67A6F74B}.Release|iPhone.Build.0 = Release|iPhone
		{7F713BA3-13A0-46B5-B018-BC7C67A6F74B}.Release|iPhoneSimulator.ActiveCfg = Release|iPhoneSimulator
		{7F713BA3-13A0-46B5-B018-BC7C67A6F74B}.Release|iPhoneSimulator.Build.0 = Release|iPhoneSimulator
		{7F713BA3-13A0-46B5-B018-BC7C67A6F74B}.Release|x64.ActiveCfg = Release|iPhoneSimulator
		{7F713BA3-13A0-46B5-B018-BC7C67A6F74B}.Release|x64.Build.0 = Release|iPhoneSimulator
		{7F713BA3-13A0-46B5-B018-BC7C67A6F74B}.Release|x86.ActiveCfg = Release|iPhoneSimulator
		{7F713BA3-13A0-46B5-B018-BC7C67A6F74B}.Release|x86.Build.0 = Release|iPhoneSimulator
		{6F89F06C-2D48-4926-8D3B-FFADE4CBEBE1}.Debug|Any CPU.ActiveCfg = Debug|Any CPU
		{6F89F06C-2D48-4926-8D3B-FFADE4CBEBE1}.Debug|Any CPU.Build.0 = Debug|Any CPU
		{6F89F06C-2D48-4926-8D3B-FFADE4CBEBE1}.Debug|ARM.ActiveCfg = Debug|Any CPU
		{6F89F06C-2D48-4926-8D3B-FFADE4CBEBE1}.Debug|ARM.Build.0 = Debug|Any CPU
		{6F89F06C-2D48-4926-8D3B-FFADE4CBEBE1}.Debug|iPhone.ActiveCfg = Debug|Any CPU
		{6F89F06C-2D48-4926-8D3B-FFADE4CBEBE1}.Debug|iPhone.Build.0 = Debug|Any CPU
		{6F89F06C-2D48-4926-8D3B-FFADE4CBEBE1}.Debug|iPhoneSimulator.ActiveCfg = Debug|Any CPU
		{6F89F06C-2D48-4926-8D3B-FFADE4CBEBE1}.Debug|iPhoneSimulator.Build.0 = Debug|Any CPU
		{6F89F06C-2D48-4926-8D3B-FFADE4CBEBE1}.Debug|x64.ActiveCfg = Debug|Any CPU
		{6F89F06C-2D48-4926-8D3B-FFADE4CBEBE1}.Debug|x64.Build.0 = Debug|Any CPU
		{6F89F06C-2D48-4926-8D3B-FFADE4CBEBE1}.Debug|x86.ActiveCfg = Debug|Any CPU
		{6F89F06C-2D48-4926-8D3B-FFADE4CBEBE1}.Debug|x86.Build.0 = Debug|Any CPU
		{6F89F06C-2D48-4926-8D3B-FFADE4CBEBE1}.Release|Any CPU.ActiveCfg = Release|Any CPU
		{6F89F06C-2D48-4926-8D3B-FFADE4CBEBE1}.Release|Any CPU.Build.0 = Release|Any CPU
		{6F89F06C-2D48-4926-8D3B-FFADE4CBEBE1}.Release|ARM.ActiveCfg = Release|Any CPU
		{6F89F06C-2D48-4926-8D3B-FFADE4CBEBE1}.Release|ARM.Build.0 = Release|Any CPU
		{6F89F06C-2D48-4926-8D3B-FFADE4CBEBE1}.Release|iPhone.ActiveCfg = Release|Any CPU
		{6F89F06C-2D48-4926-8D3B-FFADE4CBEBE1}.Release|iPhone.Build.0 = Release|Any CPU
		{6F89F06C-2D48-4926-8D3B-FFADE4CBEBE1}.Release|iPhoneSimulator.ActiveCfg = Release|Any CPU
		{6F89F06C-2D48-4926-8D3B-FFADE4CBEBE1}.Release|iPhoneSimulator.Build.0 = Release|Any CPU
		{6F89F06C-2D48-4926-8D3B-FFADE4CBEBE1}.Release|x64.ActiveCfg = Release|Any CPU
		{6F89F06C-2D48-4926-8D3B-FFADE4CBEBE1}.Release|x64.Build.0 = Release|Any CPU
		{6F89F06C-2D48-4926-8D3B-FFADE4CBEBE1}.Release|x86.ActiveCfg = Release|Any CPU
		{6F89F06C-2D48-4926-8D3B-FFADE4CBEBE1}.Release|x86.Build.0 = Release|Any CPU
		{CE187A2B-F505-437D-9C98-E2BA6644726D}.Debug|Any CPU.ActiveCfg = Debug|Any CPU
		{CE187A2B-F505-437D-9C98-E2BA6644726D}.Debug|Any CPU.Build.0 = Debug|Any CPU
		{CE187A2B-F505-437D-9C98-E2BA6644726D}.Debug|ARM.ActiveCfg = Debug|Any CPU
		{CE187A2B-F505-437D-9C98-E2BA6644726D}.Debug|ARM.Build.0 = Debug|Any CPU
		{CE187A2B-F505-437D-9C98-E2BA6644726D}.Debug|iPhone.ActiveCfg = Debug|Any CPU
		{CE187A2B-F505-437D-9C98-E2BA6644726D}.Debug|iPhone.Build.0 = Debug|Any CPU
		{CE187A2B-F505-437D-9C98-E2BA6644726D}.Debug|iPhoneSimulator.ActiveCfg = Debug|Any CPU
		{CE187A2B-F505-437D-9C98-E2BA6644726D}.Debug|iPhoneSimulator.Build.0 = Debug|Any CPU
		{CE187A2B-F505-437D-9C98-E2BA6644726D}.Debug|x64.ActiveCfg = Debug|Any CPU
		{CE187A2B-F505-437D-9C98-E2BA6644726D}.Debug|x64.Build.0 = Debug|Any CPU
		{CE187A2B-F505-437D-9C98-E2BA6644726D}.Debug|x86.ActiveCfg = Debug|Any CPU
		{CE187A2B-F505-437D-9C98-E2BA6644726D}.Debug|x86.Build.0 = Debug|Any CPU
		{CE187A2B-F505-437D-9C98-E2BA6644726D}.Release|Any CPU.ActiveCfg = Release|Any CPU
		{CE187A2B-F505-437D-9C98-E2BA6644726D}.Release|Any CPU.Build.0 = Release|Any CPU
		{CE187A2B-F505-437D-9C98-E2BA6644726D}.Release|ARM.ActiveCfg = Release|Any CPU
		{CE187A2B-F505-437D-9C98-E2BA6644726D}.Release|ARM.Build.0 = Release|Any CPU
		{CE187A2B-F505-437D-9C98-E2BA6644726D}.Release|iPhone.ActiveCfg = Release|Any CPU
		{CE187A2B-F505-437D-9C98-E2BA6644726D}.Release|iPhone.Build.0 = Release|Any CPU
		{CE187A2B-F505-437D-9C98-E2BA6644726D}.Release|iPhoneSimulator.ActiveCfg = Release|Any CPU
		{CE187A2B-F505-437D-9C98-E2BA6644726D}.Release|iPhoneSimulator.Build.0 = Release|Any CPU
		{CE187A2B-F505-437D-9C98-E2BA6644726D}.Release|x64.ActiveCfg = Release|Any CPU
		{CE187A2B-F505-437D-9C98-E2BA6644726D}.Release|x64.Build.0 = Release|Any CPU
		{CE187A2B-F505-437D-9C98-E2BA6644726D}.Release|x86.ActiveCfg = Release|Any CPU
		{CE187A2B-F505-437D-9C98-E2BA6644726D}.Release|x86.Build.0 = Release|Any CPU
		{C12C5E93-4C66-4F68-9BFD-44871A2C1579}.Debug|Any CPU.ActiveCfg = Debug|Any CPU
		{C12C5E93-4C66-4F68-9BFD-44871A2C1579}.Debug|Any CPU.Build.0 = Debug|Any CPU
		{C12C5E93-4C66-4F68-9BFD-44871A2C1579}.Debug|ARM.ActiveCfg = Debug|Any CPU
		{C12C5E93-4C66-4F68-9BFD-44871A2C1579}.Debug|ARM.Build.0 = Debug|Any CPU
		{C12C5E93-4C66-4F68-9BFD-44871A2C1579}.Debug|iPhone.ActiveCfg = Debug|Any CPU
		{C12C5E93-4C66-4F68-9BFD-44871A2C1579}.Debug|iPhone.Build.0 = Debug|Any CPU
		{C12C5E93-4C66-4F68-9BFD-44871A2C1579}.Debug|iPhoneSimulator.ActiveCfg = Debug|Any CPU
		{C12C5E93-4C66-4F68-9BFD-44871A2C1579}.Debug|iPhoneSimulator.Build.0 = Debug|Any CPU
		{C12C5E93-4C66-4F68-9BFD-44871A2C1579}.Debug|x64.ActiveCfg = Debug|Any CPU
		{C12C5E93-4C66-4F68-9BFD-44871A2C1579}.Debug|x64.Build.0 = Debug|Any CPU
		{C12C5E93-4C66-4F68-9BFD-44871A2C1579}.Debug|x86.ActiveCfg = Debug|Any CPU
		{C12C5E93-4C66-4F68-9BFD-44871A2C1579}.Debug|x86.Build.0 = Debug|Any CPU
		{C12C5E93-4C66-4F68-9BFD-44871A2C1579}.Release|Any CPU.ActiveCfg = Release|Any CPU
		{C12C5E93-4C66-4F68-9BFD-44871A2C1579}.Release|Any CPU.Build.0 = Release|Any CPU
		{C12C5E93-4C66-4F68-9BFD-44871A2C1579}.Release|ARM.ActiveCfg = Release|Any CPU
		{C12C5E93-4C66-4F68-9BFD-44871A2C1579}.Release|ARM.Build.0 = Release|Any CPU
		{C12C5E93-4C66-4F68-9BFD-44871A2C1579}.Release|iPhone.ActiveCfg = Release|Any CPU
		{C12C5E93-4C66-4F68-9BFD-44871A2C1579}.Release|iPhone.Build.0 = Release|Any CPU
		{C12C5E93-4C66-4F68-9BFD-44871A2C1579}.Release|iPhoneSimulator.ActiveCfg = Release|Any CPU
		{C12C5E93-4C66-4F68-9BFD-44871A2C1579}.Release|iPhoneSimulator.Build.0 = Release|Any CPU
		{C12C5E93-4C66-4F68-9BFD-44871A2C1579}.Release|x64.ActiveCfg = Release|Any CPU
		{C12C5E93-4C66-4F68-9BFD-44871A2C1579}.Release|x64.Build.0 = Release|Any CPU
		{C12C5E93-4C66-4F68-9BFD-44871A2C1579}.Release|x86.ActiveCfg = Release|Any CPU
		{C12C5E93-4C66-4F68-9BFD-44871A2C1579}.Release|x86.Build.0 = Release|Any CPU
		{F6E29084-346D-41B5-9DC1-08A2BBC41F79}.Debug|Any CPU.ActiveCfg = Debug|Any CPU
		{F6E29084-346D-41B5-9DC1-08A2BBC41F79}.Debug|Any CPU.Build.0 = Debug|Any CPU
		{F6E29084-346D-41B5-9DC1-08A2BBC41F79}.Debug|ARM.ActiveCfg = Debug|Any CPU
		{F6E29084-346D-41B5-9DC1-08A2BBC41F79}.Debug|ARM.Build.0 = Debug|Any CPU
		{F6E29084-346D-41B5-9DC1-08A2BBC41F79}.Debug|iPhone.ActiveCfg = Debug|Any CPU
		{F6E29084-346D-41B5-9DC1-08A2BBC41F79}.Debug|iPhone.Build.0 = Debug|Any CPU
		{F6E29084-346D-41B5-9DC1-08A2BBC41F79}.Debug|iPhoneSimulator.ActiveCfg = Debug|Any CPU
		{F6E29084-346D-41B5-9DC1-08A2BBC41F79}.Debug|iPhoneSimulator.Build.0 = Debug|Any CPU
		{F6E29084-346D-41B5-9DC1-08A2BBC41F79}.Debug|x64.ActiveCfg = Debug|Any CPU
		{F6E29084-346D-41B5-9DC1-08A2BBC41F79}.Debug|x64.Build.0 = Debug|Any CPU
		{F6E29084-346D-41B5-9DC1-08A2BBC41F79}.Debug|x86.ActiveCfg = Debug|Any CPU
		{F6E29084-346D-41B5-9DC1-08A2BBC41F79}.Debug|x86.Build.0 = Debug|Any CPU
		{F6E29084-346D-41B5-9DC1-08A2BBC41F79}.Release|Any CPU.ActiveCfg = Release|Any CPU
		{F6E29084-346D-41B5-9DC1-08A2BBC41F79}.Release|Any CPU.Build.0 = Release|Any CPU
		{F6E29084-346D-41B5-9DC1-08A2BBC41F79}.Release|ARM.ActiveCfg = Release|Any CPU
		{F6E29084-346D-41B5-9DC1-08A2BBC41F79}.Release|ARM.Build.0 = Release|Any CPU
		{F6E29084-346D-41B5-9DC1-08A2BBC41F79}.Release|iPhone.ActiveCfg = Release|Any CPU
		{F6E29084-346D-41B5-9DC1-08A2BBC41F79}.Release|iPhone.Build.0 = Release|Any CPU
		{F6E29084-346D-41B5-9DC1-08A2BBC41F79}.Release|iPhoneSimulator.ActiveCfg = Release|Any CPU
		{F6E29084-346D-41B5-9DC1-08A2BBC41F79}.Release|iPhoneSimulator.Build.0 = Release|Any CPU
		{F6E29084-346D-41B5-9DC1-08A2BBC41F79}.Release|x64.ActiveCfg = Release|Any CPU
		{F6E29084-346D-41B5-9DC1-08A2BBC41F79}.Release|x64.Build.0 = Release|Any CPU
		{F6E29084-346D-41B5-9DC1-08A2BBC41F79}.Release|x86.ActiveCfg = Release|Any CPU
		{F6E29084-346D-41B5-9DC1-08A2BBC41F79}.Release|x86.Build.0 = Release|Any CPU
	EndGlobalSection
	GlobalSection(SolutionProperties) = preSolution
		HideSolutionNode = FALSE
	EndGlobalSection
	GlobalSection(NestedProjects) = preSolution
		{76EF1FE1-08B3-470A-99D3-F170FEA04173} = {5787E3BA-CF77-4B1A-9A95-E4FA19C3A5BC}
		{544CE92B-C6DD-4BD9-848A-884CFC443AA1} = {5787E3BA-CF77-4B1A-9A95-E4FA19C3A5BC}
		{7F713BA3-13A0-46B5-B018-BC7C67A6F74B} = {5787E3BA-CF77-4B1A-9A95-E4FA19C3A5BC}
		{6F89F06C-2D48-4926-8D3B-FFADE4CBEBE1} = {5787E3BA-CF77-4B1A-9A95-E4FA19C3A5BC}
		{5787E3BA-CF77-4B1A-9A95-E4FA19C3A5BC} = {6EEDB6F4-6013-40FF-ABE5-42BD61DC16B1}
		{CE187A2B-F505-437D-9C98-E2BA6644726D} = {5D6D2572-8368-4517-9BDD-F35899409051}
		{C12C5E93-4C66-4F68-9BFD-44871A2C1579} = {5D6D2572-8368-4517-9BDD-F35899409051}
		{F6E29084-346D-41B5-9DC1-08A2BBC41F79} = {5D6D2572-8368-4517-9BDD-F35899409051}
	EndGlobalSection
	GlobalSection(ExtensibilityGlobals) = postSolution
		SolutionGuid = {19E37782-653E-4617-A50F-06867ECE870E}
		                SolutionGuid = {780930A6-9C3C-4129-809E-3714AD2DE37A}
		                        SolutionGuid = {55CA764C-5E8A-43A5-9A24-215304A9B227}
		        SolutionGuid = {11FCA5CB-A569-43F6-95B6-F3425C8FF4CD}
	EndGlobalSection
EndGlobal
